
Microsoft Visual Studio Solution File, Format Version 12.00
# Visual Studio Version 17
VisualStudioVersion = 17.0.31903.59
MinimumVisualStudioVersion = 10.0.40219.1
Project("{FAE04EC0-301F-11D3-BF4B-00C04F79EFBC}") = "AccessCity.API", "AccessCity.API\AccessCity.API.csproj", "{E543643B-82D1-4815-BB0F-F9577D50B425}"
EndProject
Project("{FAE04EC0-301F-11D3-BF4B-00C04F79EFBC}") = "AccessCity.Tests", "AccessCity.Tests\AccessCity.Tests.csproj", "{070502C8-F7AA-45B5-9684-CAAE67B64EF2}"
EndProject
Project("{FAE04EC0-301F-11D3-BF4B-00C04F79EFBC}") = "AccessCity.SoakTestRunner", "AccessCity.SoakTestRunner\AccessCity.SoakTestRunner.csproj", "{66BB6241-1ED1-401A-AEDA-3FCD486F44C5}"
EndProject
Project("{FAE04EC0-301F-11D3-BF4B-00C04F79EFBC}") = "AccessCity.Benchmarks", "AccessCity.Benchmarks\AccessCity.Benchmarks.csproj", "{674504C9-4D9F-4077-BE72-85B08EE88116}"
EndProject
Project("{FAE04EC0-301F-11D3-BF4B-00C04F79EFBC}") = "AccessCity.NativeAotKernels", "AccessCity.NativeAotKernels\AccessCity.NativeAotKernels.csproj", "{128D5B31-D3A5-4D81-A341-D6D2AC0BD95A}"
EndProject
Global
	GlobalSection(SolutionConfigurationPlatforms) = preSolution
		Debug|Any CPU = Debug|Any CPU
		Debug|x64 = Debug|x64
		Debug|x86 = Debug|x86
		Release|Any CPU = Release|Any CPU
		Release|x64 = Release|x64
		Release|x86 = Release|x86
	EndGlobalSection
	GlobalSection(ProjectConfigurationPlatforms) = postSolution
		{E543643B-82D1-4815-BB0F-F9577D50B425}.Debug|Any CPU.ActiveCfg = Debug|Any CPU
		{E543643B-82D1-4815-BB0F-F9577D50B425}.Debug|Any CPU.Build.0 = Debug|Any CPU
		{E543643B-82D1-4815-BB0F-F9577D50B425}.Debug|x64.ActiveCfg = Debug|Any CPU
		{E543643B-82D1-4815-BB0F-F9577D50B425}.Debug|x64.Build.0 = Debug|Any CPU
		{E543643B-82D1-4815-BB0F-F9577D50B425}.Debug|x86.ActiveCfg = Debug|Any CPU
		{E543643B-82D1-4815-BB0F-F9577D50B425}.Debug|x86.Build.0 = Debug|Any CPU
		{E543643B-82D1-4815-BB0F-F9577D50B425}.Release|Any CPU.ActiveCfg = Release|Any CPU
		{E543643B-82D1-4815-BB0F-F9577D50B425}.Release|Any CPU.Build.0 = Release|Any CPU
		{E543643B-82D1-4815-BB0F-F9577D50B425}.Release|x64.ActiveCfg = Release|Any CPU
		{E543643B-82D1-4815-BB0F-F9577D50B425}.Release|x64.Build.0 = Release|Any CPU
		{E543643B-82D1-4815-BB0F-F9577D50B425}.Release|x86.ActiveCfg = Release|Any CPU
		{E543643B-82D1-4815-BB0F-F9577D50B425}.Release|x86.Build.0 = Release|Any CPU
		{070502C8-F7AA-45B5-9684-CAAE67B64EF2}.Debug|Any CPU.ActiveCfg = Debug|Any CPU
		{070502C8-F7AA-45B5-9684-CAAE67B64EF2}.Debug|Any CPU.Build.0 = Debug|Any CPU
		{070502C8-F7AA-45B5-9684-CAAE67B64EF2}.Debug|x64.ActiveCfg = Debug|Any CPU
		{070502C8-F7AA-45B5-9684-CAAE67B64EF2}.Debug|x64.Build.0 = Debug|Any CPU
		{070502C8-F7AA-45B5-9684-CAAE67B64EF2}.Debug|x86.ActiveCfg = Debug|Any CPU
		{070502C8-F7AA-45B5-9684-CAAE67B64EF2}.Debug|x86.Build.0 = Debug|Any CPU
		{070502C8-F7AA-45B5-9684-CAAE67B64EF2}.Release|Any CPU.ActiveCfg = Release|Any CPU
		{070502C8-F7AA-45B5-9684-CAAE67B64EF2}.Release|Any CPU.Build.0 = Release|Any CPU
		{070502C8-F7AA-45B5-9684-CAAE67B64EF2}.Release|x64.ActiveCfg = Release|Any CPU
		{070502C8-F7AA-45B5-9684-CAAE67B64EF2}.Release|x64.Build.0 = Release|Any CPU
		{070502C8-F7AA-45B5-9684-CAAE67B64EF2}.Release|x86.ActiveCfg = Release|Any CPU
		{070502C8-F7AA-45B5-9684-CAAE67B64EF2}.Release|x86.Build.0 = Release|Any CPU
		{66BB6241-1ED1-401A-AEDA-3FCD486F44C5}.Debug|Any CPU.ActiveCfg = Debug|Any CPU
		{66BB6241-1ED1-401A-AEDA-3FCD486F44C5}.Debug|Any CPU.Build.0 = Debug|Any CPU
		{66BB6241-1ED1-401A-AEDA-3FCD486F44C5}.Debug|x64.ActiveCfg = Debug|Any CPU
		{66BB6241-1ED1-401A-AEDA-3FCD486F44C5}.Debug|x64.Build.0 = Debug|Any CPU
		{66BB6241-1ED1-401A-AEDA-3FCD486F44C5}.Debug|x86.ActiveCfg = Debug|Any CPU
		{66BB6241-1ED1-401A-AEDA-3FCD486F44C5}.Debug|x86.Build.0 = Debug|Any CPU
		{66BB6241-1ED1-401A-AEDA-3FCD486F44C5}.Release|Any CPU.ActiveCfg = Release|Any CPU
		{66BB6241-1ED1-401A-AEDA-3FCD486F44C5}.Release|Any CPU.Build.0 = Release|Any CPU
		{66BB6241-1ED1-401A-AEDA-3FCD486F44C5}.Release|x64.ActiveCfg = Release|Any CPU
		{66BB6241-1ED1-401A-AEDA-3FCD486F44C5}.Release|x64.Build.0 = Release|Any CPU
		{66BB6241-1ED1-401A-AEDA-3FCD486F44C5}.Release|x86.ActiveCfg = Release|Any CPU
		{66BB6241-1ED1-401A-AEDA-3FCD486F44C5}.Release|x86.Build.0 = Release|Any CPU
		{674504C9-4D9F-4077-BE72-85B08EE88116}.Debug|Any CPU.ActiveCfg = Debug|Any CPU
		{674504C9-4D9F-4077-BE72-85B08EE88116}.Debug|Any CPU.Build.0 = Debug|Any CPU
		{674504C9-4D9F-4077-BE72-85B08EE88116}.Debug|x64.ActiveCfg = Debug|Any CPU
		{674504C9-4D9F-4077-BE72-85B08EE88116}.Debug|x64.Build.0 = Debug|Any CPU
		{674504C9-4D9F-4077-BE72-85B08EE88116}.Debug|x86.ActiveCfg = Debug|Any CPU
		{674504C9-4D9F-4077-BE72-85B08EE88116}.Debug|x86.Build.0 = Debug|Any CPU
		{674504C9-4D9F-4077-BE72-85B08EE88116}.Release|Any CPU.ActiveCfg = Release|Any CPU
		{674504C9-4D9F-4077-BE72-85B08EE88116}.Release|Any CPU.Build.0 = Release|Any CPU
		{674504C9-4D9F-4077-BE72-85B08EE88116}.Release|x64.ActiveCfg = Release|Any CPU
		{674504C9-4D9F-4077-BE72-85B08EE88116}.Release|x64.Build.0 = Release|Any CPU
		{674504C9-4D9F-4077-BE72-85B08EE88116}.Release|x86.ActiveCfg = Release|Any CPU
		{674504C9-4D9F-4077-BE72-85B08EE88116}.Release|x86.Build.0 = Release|Any CPU
		{128D5B31-D3A5-4D81-A341-D6D2AC0BD95A}.Debug|Any CPU.ActiveCfg = Debug|Any CPU
		{128D5B31-D3A5-4D81-A341-D6D2AC0BD95A}.Debug|Any CPU.Build.0 = Debug|Any CPU
		{128D5B31-D3A5-4D81-A341-D6D2AC0BD95A}.Debug|x64.ActiveCfg = Debug|Any CPU
		{128D5B31-D3A5-4D81-A341-D6D2AC0BD95A}.Debug|x64.Build.0 = Debug|Any CPU
		{128D5B31-D3A5-4D81-A341-D6D2AC0BD95A}.Debug|x86.ActiveCfg = Debug|Any CPU
		{128D5B31-D3A5-4D81-A341-D6D2AC0BD95A}.Debug|x86.Build.0 = Debug|Any CPU
		{128D5B31-D3A5-4D81-A341-D6D2AC0BD95A}.Release|Any CPU.ActiveCfg = Release|Any CPU
		{128D5B31-D3A5-4D81-A341-D6D2AC0BD95A}.Release|Any CPU.Build.0 = Release|Any CPU
		{128D5B31-D3A5-4D81-A341-D6D2AC0BD95A}.Release|x64.ActiveCfg = Release|Any CPU
		{128D5B31-D3A5-4D81-A341-D6D2AC0BD95A}.Release|x64.Build.0 = Release|Any CPU
		{128D5B31-D3A5-4D81-A341-D6D2AC0BD95A}.Release|x86.ActiveCfg = Release|Any CPU
		{128D5B31-D3A5-4D81-A341-D6D2AC0BD95A}.Release|x86.Build.0 = Release|Any CPU
	EndGlobalSection
	GlobalSection(SolutionProperties) = preSolution
		HideSolutionNode = FALSE
	EndGlobalSection
EndGlobal
